
Microsoft Visual Studio Solution File, Format Version 12.00
# Visual Studio Version 16
VisualStudioVersion = 16.0.31424.327
MinimumVisualStudioVersion = 10.0.40219.1
Project("{9A19103F-16F7-4668-BE54-9A1E7A4F7556}") = "GradeBook", "GradeBook.csproj", "{27C56F1A-D63F-4CF1-AAB9-3FD9C87099AB}"
EndProject
Global
	GlobalSection(SolutionConfigurationPlatforms) = preSolution
		Debug|Any CPU = Debug|Any CPU
		Release|Any CPU = Release|Any CPU
	EndGlobalSection
	GlobalSection(ProjectConfigurationPlatforms) = postSolution
		{27C56F1A-D63F-4CF1-AAB9-3FD9C87099AB}.Debug|Any CPU.ActiveCfg = Debug|Any CPU
		{27C56F1A-D63F-4CF1-AAB9-3FD9C87099AB}.Debug|Any CPU.Build.0 = Debug|Any CPU
		{27C56F1A-D63F-4CF1-AAB9-3FD9C87099AB}.Release|Any CPU.ActiveCfg = Release|Any CPU
		{27C56F1A-D63F-4CF1-AAB9-3FD9C87099AB}.Release|Any CPU.Build.0 = Release|Any CPU
	EndGlobalSection
	GlobalSection(SolutionProperties) = preSolution
		HideSolutionNode = FALSE
	EndGlobalSection
	GlobalSection(ExtensibilityGlobals) = postSolution
		SolutionGuid = {C027E1BE-BA7E-4EBA-9057-A2829D4D2CD1}
	EndGlobalSection
EndGlobal
